<Solution>
  <Folder Name="/src/">
    <Project Path="src/Fleetwright.Gpu/Fleetwright.Gpu.csproj" />
    <Project Path="src/Fleetwright.Shipgen.Cli/Fleetwright.Shipgen.Cli.csproj" />
    <Project Path="src/Fleetwright.Shipgen/Fleetwright.Shipgen.csproj" />
    <Project Path="src/Fleetwright/Fleetwright.csproj" />
  </Folder>
  <Folder Name="/tests/">
    <Project Path="tests/Fleetwright.Shipgen.Tests/Fleetwright.Shipgen.Tests.csproj" />
  </Folder>
</Solution>
